// !$*UTF8*$!
{
	archiveVersion = 1;
	classes = {
	};
	objectVersion = 50;
	objects = {

/* Begin PBXBuildFile section */
		5B582AF754604505F84E9A6D /* Pods_LeagueMasterTests.framework in Frameworks */ = {isa = PBXBuildFile; fileRef = AF469385D807FD5271EF65A8 /* Pods_LeagueMasterTests.framework */; };
		7BC142832245660B00E77D33 /* AppDelegate.swift in Sources */ = {isa = PBXBuildFile; fileRef = 7BC142822245660B00E77D33 /* AppDelegate.swift */; };
		7BC142882245660B00E77D33 /* Main.storyboard in Resources */ = {isa = PBXBuildFile; fileRef = 7BC142862245660B00E77D33 /* Main.storyboard */; };
		7BC1428A2245660F00E77D33 /* Assets.xcassets in Resources */ = {isa = PBXBuildFile; fileRef = 7BC142892245660F00E77D33 /* Assets.xcassets */; };
		7BC1428D2245660F00E77D33 /* LaunchScreen.storyboard in Resources */ = {isa = PBXBuildFile; fileRef = 7BC1428B2245660F00E77D33 /* LaunchScreen.storyboard */; };
		7BC14297224567ED00E77D33 /* NetWorkManager.swift in Sources */ = {isa = PBXBuildFile; fileRef = 7BC14296224567ED00E77D33 /* NetWorkManager.swift */; };
		AA3F6201370C2427A6C0C054 /* Pods_LeagueMasterUITests.framework in Frameworks */ = {isa = PBXBuildFile; fileRef = 23C8B31205A85DA1652105C6 /* Pods_LeagueMasterUITests.framework */; };
		BDEBE919678DE27817E0E0A1 /* Pods_LeagueMaster.framework in Frameworks */ = {isa = PBXBuildFile; fileRef = 4B7C759B1297A9210FC9F0A5 /* Pods_LeagueMaster.framework */; };
		DC2CE9112246760C003BC934 /* Environment.swift in Sources */ = {isa = PBXBuildFile; fileRef = DC2CE9102246760C003BC934 /* Environment.swift */; };
		DC2CE91422467828003BC934 /* ProjectConstants.swift in Sources */ = {isa = PBXBuildFile; fileRef = DC2CE91322467828003BC934 /* ProjectConstants.swift */; };
		DC2CE92122468543003BC934 /* LeagueMasterTests.swift in Sources */ = {isa = PBXBuildFile; fileRef = DC2CE92022468543003BC934 /* LeagueMasterTests.swift */; };
		DC2CE93122468555003BC934 /* LeagueMasterUITests.swift in Sources */ = {isa = PBXBuildFile; fileRef = DC2CE93022468555003BC934 /* LeagueMasterUITests.swift */; };
		DC2CE93F22469865003BC934 /* MasterViewController.swift in Sources */ = {isa = PBXBuildFile; fileRef = DC2CE93E22469865003BC934 /* MasterViewController.swift */; };
		DC2CE941224698A5003BC934 /* DetailViewController.swift in Sources */ = {isa = PBXBuildFile; fileRef = DC2CE940224698A5003BC934 /* DetailViewController.swift */; };
		DC2CE9442246A194003BC934 /* ChampionCollectionViewCell.swift in Sources */ = {isa = PBXBuildFile; fileRef = DC2CE9422246A194003BC934 /* ChampionCollectionViewCell.swift */; };
		DC2CE9452246A194003BC934 /* ChampionCollectionViewCell.xib in Resources */ = {isa = PBXBuildFile; fileRef = DC2CE9432246A194003BC934 /* ChampionCollectionViewCell.xib */; };
		DC2CE9482249ABBC003BC934 /* AllChampionsViewModel.swift in Sources */ = {isa = PBXBuildFile; fileRef = DC2CE9472249ABBC003BC934 /* AllChampionsViewModel.swift */; };
		DC2CE94B2249AF98003BC934 /* Champion.swift in Sources */ = {isa = PBXBuildFile; fileRef = DC2CE94A2249AF98003BC934 /* Champion.swift */; };
		DC2CE94D2249B33D003BC934 /* Errors.swift in Sources */ = {isa = PBXBuildFile; fileRef = DC2CE94C2249B33D003BC934 /* Errors.swift */; };
		DC2CE94F2249B947003BC934 /* ApiCaller.swift in Sources */ = {isa = PBXBuildFile; fileRef = DC2CE94E2249B947003BC934 /* ApiCaller.swift */; };
/* End PBXBuildFile section */

/* Begin PBXContainerItemProxy section */
		DC2CE92322468543003BC934 /* PBXContainerItemProxy */ = {
			isa = PBXContainerItemProxy;
			containerPortal = 7BC142772245660B00E77D33 /* Project object */;
			proxyType = 1;
			remoteGlobalIDString = 7BC1427E2245660B00E77D33;
			remoteInfo = LeagueMaster;
		};
		DC2CE93322468555003BC934 /* PBXContainerItemProxy */ = {
			isa = PBXContainerItemProxy;
			containerPortal = 7BC142772245660B00E77D33 /* Project object */;
			proxyType = 1;
			remoteGlobalIDString = 7BC1427E2245660B00E77D33;
			remoteInfo = LeagueMaster;
		};
/* End PBXContainerItemProxy section */

/* Begin PBXFileReference section */
		109C696648E6F176B3164F77 /* Pods-LeagueMaster.development.xcconfig */ = {isa = PBXFileReference; includeInIndex = 1; lastKnownFileType = text.xcconfig; name = "Pods-LeagueMaster.development.xcconfig"; path = "Target Support Files/Pods-LeagueMaster/Pods-LeagueMaster.development.xcconfig"; sourceTree = "<group>"; };
		200403A33E63FCBC25101F4C /* Pods-LeagueMasterUITests.production.xcconfig */ = {isa = PBXFileReference; includeInIndex = 1; lastKnownFileType = text.xcconfig; name = "Pods-LeagueMasterUITests.production.xcconfig"; path = "Target Support Files/Pods-LeagueMasterUITests/Pods-LeagueMasterUITests.production.xcconfig"; sourceTree = "<group>"; };
		2248855A7745E019ADA16C76 /* Pods-LeagueMaster.debug.xcconfig */ = {isa = PBXFileReference; includeInIndex = 1; lastKnownFileType = text.xcconfig; name = "Pods-LeagueMaster.debug.xcconfig"; path = "Target Support Files/Pods-LeagueMaster/Pods-LeagueMaster.debug.xcconfig"; sourceTree = "<group>"; };
		23C8B31205A85DA1652105C6 /* Pods_LeagueMasterUITests.framework */ = {isa = PBXFileReference; explicitFileType = wrapper.framework; includeInIndex = 0; path = Pods_LeagueMasterUITests.framework; sourceTree = BUILT_PRODUCTS_DIR; };
		4B7C759B1297A9210FC9F0A5 /* Pods_LeagueMaster.framework */ = {isa = PBXFileReference; explicitFileType = wrapper.framework; includeInIndex = 0; path = Pods_LeagueMaster.framework; sourceTree = BUILT_PRODUCTS_DIR; };
		53AE66905F726BBE6DDB00C3 /* Pods-LeagueMasterUITests.debug.xcconfig */ = {isa = PBXFileReference; includeInIndex = 1; lastKnownFileType = text.xcconfig; name = "Pods-LeagueMasterUITests.debug.xcconfig"; path = "Target Support Files/Pods-LeagueMasterUITests/Pods-LeagueMasterUITests.debug.xcconfig"; sourceTree = "<group>"; };
		7061BB4781346569C9FCF49B /* Pods-LeagueMasterUITests.release.xcconfig */ = {isa = PBXFileReference; includeInIndex = 1; lastKnownFileType = text.xcconfig; name = "Pods-LeagueMasterUITests.release.xcconfig"; path = "Target Support Files/Pods-LeagueMasterUITests/Pods-LeagueMasterUITests.release.xcconfig"; sourceTree = "<group>"; };
		7BC1427F2245660B00E77D33 /* LeagueMaster.app */ = {isa = PBXFileReference; explicitFileType = wrapper.application; includeInIndex = 0; path = LeagueMaster.app; sourceTree = BUILT_PRODUCTS_DIR; };
		7BC142822245660B00E77D33 /* AppDelegate.swift */ = {isa = PBXFileReference; lastKnownFileType = sourcecode.swift; path = AppDelegate.swift; sourceTree = "<group>"; };
		7BC142872245660B00E77D33 /* Base */ = {isa = PBXFileReference; lastKnownFileType = file.storyboard; name = Base; path = Base.lproj/Main.storyboard; sourceTree = "<group>"; };
		7BC142892245660F00E77D33 /* Assets.xcassets */ = {isa = PBXFileReference; lastKnownFileType = folder.assetcatalog; path = Assets.xcassets; sourceTree = "<group>"; };
		7BC1428C2245660F00E77D33 /* Base */ = {isa = PBXFileReference; lastKnownFileType = file.storyboard; name = Base; path = Base.lproj/LaunchScreen.storyboard; sourceTree = "<group>"; };
		7BC1428E2245660F00E77D33 /* Info.plist */ = {isa = PBXFileReference; lastKnownFileType = text.plist.xml; path = Info.plist; sourceTree = "<group>"; };
		7BC14296224567ED00E77D33 /* NetWorkManager.swift */ = {isa = PBXFileReference; lastKnownFileType = sourcecode.swift; path = NetWorkManager.swift; sourceTree = "<group>"; };
		8B88808D2B2D2F9BCFAE87FE /* Pods-LeagueMasterUITests.development.xcconfig */ = {isa = PBXFileReference; includeInIndex = 1; lastKnownFileType = text.xcconfig; name = "Pods-LeagueMasterUITests.development.xcconfig"; path = "Target Support Files/Pods-LeagueMasterUITests/Pods-LeagueMasterUITests.development.xcconfig"; sourceTree = "<group>"; };
		971789C93C9207DFC0DBA254 /* Pods-LeagueMaster.release.xcconfig */ = {isa = PBXFileReference; includeInIndex = 1; lastKnownFileType = text.xcconfig; name = "Pods-LeagueMaster.release.xcconfig"; path = "Target Support Files/Pods-LeagueMaster/Pods-LeagueMaster.release.xcconfig"; sourceTree = "<group>"; };
		9A5BE7169FB9A5786513C211 /* Pods-LeagueMaster.production.xcconfig */ = {isa = PBXFileReference; includeInIndex = 1; lastKnownFileType = text.xcconfig; name = "Pods-LeagueMaster.production.xcconfig"; path = "Target Support Files/Pods-LeagueMaster/Pods-LeagueMaster.production.xcconfig"; sourceTree = "<group>"; };
		AF469385D807FD5271EF65A8 /* Pods_LeagueMasterTests.framework */ = {isa = PBXFileReference; explicitFileType = wrapper.framework; includeInIndex = 0; path = Pods_LeagueMasterTests.framework; sourceTree = BUILT_PRODUCTS_DIR; };
		CC409F9F49FAC2DD4960F137 /* Pods-LeagueMasterTests.production.xcconfig */ = {isa = PBXFileReference; includeInIndex = 1; lastKnownFileType = text.xcconfig; name = "Pods-LeagueMasterTests.production.xcconfig"; path = "Target Support Files/Pods-LeagueMasterTests/Pods-LeagueMasterTests.production.xcconfig"; sourceTree = "<group>"; };
		D3390A4BF080C698DECD5724 /* Pods-LeagueMasterTests.release.xcconfig */ = {isa = PBXFileReference; includeInIndex = 1; lastKnownFileType = text.xcconfig; name = "Pods-LeagueMasterTests.release.xcconfig"; path = "Target Support Files/Pods-LeagueMasterTests/Pods-LeagueMasterTests.release.xcconfig"; sourceTree = "<group>"; };
		DC2CE90E224673CD003BC934 /* Development.xcconfig */ = {isa = PBXFileReference; lastKnownFileType = text.xcconfig; path = Development.xcconfig; sourceTree = "<group>"; };
		DC2CE90F224673DE003BC934 /* Production.xcconfig */ = {isa = PBXFileReference; lastKnownFileType = text.xcconfig; path = Production.xcconfig; sourceTree = "<group>"; };
		DC2CE9102246760C003BC934 /* Environment.swift */ = {isa = PBXFileReference; lastKnownFileType = sourcecode.swift; path = Environment.swift; sourceTree = "<group>"; };
		DC2CE91322467828003BC934 /* ProjectConstants.swift */ = {isa = PBXFileReference; lastKnownFileType = sourcecode.swift; path = ProjectConstants.swift; sourceTree = "<group>"; };
		DC2CE91E22468543003BC934 /* LeagueMasterTests.xctest */ = {isa = PBXFileReference; explicitFileType = wrapper.cfbundle; includeInIndex = 0; path = LeagueMasterTests.xctest; sourceTree = BUILT_PRODUCTS_DIR; };
		DC2CE92022468543003BC934 /* LeagueMasterTests.swift */ = {isa = PBXFileReference; lastKnownFileType = sourcecode.swift; path = LeagueMasterTests.swift; sourceTree = "<group>"; };
		DC2CE92222468543003BC934 /* Info.plist */ = {isa = PBXFileReference; lastKnownFileType = text.plist.xml; path = Info.plist; sourceTree = "<group>"; };
		DC2CE92E22468555003BC934 /* LeagueMasterUITests.xctest */ = {isa = PBXFileReference; explicitFileType = wrapper.cfbundle; includeInIndex = 0; path = LeagueMasterUITests.xctest; sourceTree = BUILT_PRODUCTS_DIR; };
		DC2CE93022468555003BC934 /* LeagueMasterUITests.swift */ = {isa = PBXFileReference; lastKnownFileType = sourcecode.swift; path = LeagueMasterUITests.swift; sourceTree = "<group>"; };
		DC2CE93222468555003BC934 /* Info.plist */ = {isa = PBXFileReference; lastKnownFileType = text.plist.xml; path = Info.plist; sourceTree = "<group>"; };
		DC2CE93E22469865003BC934 /* MasterViewController.swift */ = {isa = PBXFileReference; lastKnownFileType = sourcecode.swift; path = MasterViewController.swift; sourceTree = "<group>"; };
		DC2CE940224698A5003BC934 /* DetailViewController.swift */ = {isa = PBXFileReference; lastKnownFileType = sourcecode.swift; path = DetailViewController.swift; sourceTree = "<group>"; };
		DC2CE9422246A194003BC934 /* ChampionCollectionViewCell.swift */ = {isa = PBXFileReference; lastKnownFileType = sourcecode.swift; path = ChampionCollectionViewCell.swift; sourceTree = "<group>"; };
		DC2CE9432246A194003BC934 /* ChampionCollectionViewCell.xib */ = {isa = PBXFileReference; lastKnownFileType = file.xib; path = ChampionCollectionViewCell.xib; sourceTree = "<group>"; };
		DC2CE9472249ABBC003BC934 /* AllChampionsViewModel.swift */ = {isa = PBXFileReference; lastKnownFileType = sourcecode.swift; path = AllChampionsViewModel.swift; sourceTree = "<group>"; };
		DC2CE94A2249AF98003BC934 /* Champion.swift */ = {isa = PBXFileReference; lastKnownFileType = sourcecode.swift; path = Champion.swift; sourceTree = "<group>"; };
		DC2CE94C2249B33D003BC934 /* Errors.swift */ = {isa = PBXFileReference; lastKnownFileType = sourcecode.swift; path = Errors.swift; sourceTree = "<group>"; };
		DC2CE94E2249B947003BC934 /* ApiCaller.swift */ = {isa = PBXFileReference; lastKnownFileType = sourcecode.swift; path = ApiCaller.swift; sourceTree = "<group>"; };
		E7E604B39CADCAF53A58694F /* Pods-LeagueMasterTests.debug.xcconfig */ = {isa = PBXFileReference; includeInIndex = 1; lastKnownFileType = text.xcconfig; name = "Pods-LeagueMasterTests.debug.xcconfig"; path = "Target Support Files/Pods-LeagueMasterTests/Pods-LeagueMasterTests.debug.xcconfig"; sourceTree = "<group>"; };
		FB9470D512D570A08009C21F /* Pods-LeagueMasterTests.development.xcconfig */ = {isa = PBXFileReference; includeInIndex = 1; lastKnownFileType = text.xcconfig; name = "Pods-LeagueMasterTests.development.xcconfig"; path = "Target Support Files/Pods-LeagueMasterTests/Pods-LeagueMasterTests.development.xcconfig"; sourceTree = "<group>"; };
/* End PBXFileReference section */

/* Begin PBXFrameworksBuildPhase section */
		7BC1427C2245660B00E77D33 /* Frameworks */ = {
			isa = PBXFrameworksBuildPhase;
			buildActionMask = 2147483647;
			files = (
				BDEBE919678DE27817E0E0A1 /* Pods_LeagueMaster.framework in Frameworks */,
			);
			runOnlyForDeploymentPostprocessing = 0;
		};
		DC2CE91B22468543003BC934 /* Frameworks */ = {
			isa = PBXFrameworksBuildPhase;
			buildActionMask = 2147483647;
			files = (
				5B582AF754604505F84E9A6D /* Pods_LeagueMasterTests.framework in Frameworks */,
			);
			runOnlyForDeploymentPostprocessing = 0;
		};
		DC2CE92B22468555003BC934 /* Frameworks */ = {
			isa = PBXFrameworksBuildPhase;
			buildActionMask = 2147483647;
			files = (
				AA3F6201370C2427A6C0C054 /* Pods_LeagueMasterUITests.framework in Frameworks */,
			);
			runOnlyForDeploymentPostprocessing = 0;
		};
/* End PBXFrameworksBuildPhase section */

/* Begin PBXGroup section */
		7BC142762245660B00E77D33 = {
			isa = PBXGroup;
			children = (
				7BC142812245660B00E77D33 /* LeagueMaster */,
				DC2CE91F22468543003BC934 /* LeagueMasterTests */,
				DC2CE92F22468555003BC934 /* LeagueMasterUITests */,
				7BC142802245660B00E77D33 /* Products */,
				F06B943F7FB55E6EDC6D2266 /* Pods */,
				8E911E42AD285F56CB0243AF /* Frameworks */,
			);
			sourceTree = "<group>";
		};
		7BC142802245660B00E77D33 /* Products */ = {
			isa = PBXGroup;
			children = (
				7BC1427F2245660B00E77D33 /* LeagueMaster.app */,
				DC2CE91E22468543003BC934 /* LeagueMasterTests.xctest */,
				DC2CE92E22468555003BC934 /* LeagueMasterUITests.xctest */,
			);
			name = Products;
			sourceTree = "<group>";
		};
		7BC142812245660B00E77D33 /* LeagueMaster */ = {
			isa = PBXGroup;
			children = (
				DC2CE9492249AF7D003BC934 /* Model */,
				DC2CE9462249AB87003BC934 /* ViewModel */,
				DC2CE93D22469744003BC934 /* View */,
				DC2CE90D224673A4003BC934 /* Configs */,
				DC2CE91222467802003BC934 /* Common */,
				7BC142822245660B00E77D33 /* AppDelegate.swift */,
				7BC142862245660B00E77D33 /* Main.storyboard */,
				7BC142892245660F00E77D33 /* Assets.xcassets */,
				7BC1428B2245660F00E77D33 /* LaunchScreen.storyboard */,
				7BC1428E2245660F00E77D33 /* Info.plist */,
			);
			path = LeagueMaster;
			sourceTree = "<group>";
		};
		8E911E42AD285F56CB0243AF /* Frameworks */ = {
			isa = PBXGroup;
			children = (
				4B7C759B1297A9210FC9F0A5 /* Pods_LeagueMaster.framework */,
				AF469385D807FD5271EF65A8 /* Pods_LeagueMasterTests.framework */,
				23C8B31205A85DA1652105C6 /* Pods_LeagueMasterUITests.framework */,
			);
			name = Frameworks;
			sourceTree = "<group>";
		};
		DC2CE90D224673A4003BC934 /* Configs */ = {
			isa = PBXGroup;
			children = (
				DC2CE90E224673CD003BC934 /* Development.xcconfig */,
				DC2CE90F224673DE003BC934 /* Production.xcconfig */,
				DC2CE9102246760C003BC934 /* Environment.swift */,
			);
			path = Configs;
			sourceTree = "<group>";
		};
		DC2CE91222467802003BC934 /* Common */ = {
			isa = PBXGroup;
			children = (
				7BC14296224567ED00E77D33 /* NetWorkManager.swift */,
				DC2CE94E2249B947003BC934 /* ApiCaller.swift */,
				DC2CE91322467828003BC934 /* ProjectConstants.swift */,
				DC2CE94C2249B33D003BC934 /* Errors.swift */,
			);
			path = Common;
			sourceTree = "<group>";
		};
		DC2CE91F22468543003BC934 /* LeagueMasterTests */ = {
			isa = PBXGroup;
			children = (
				DC2CE92022468543003BC934 /* LeagueMasterTests.swift */,
				DC2CE92222468543003BC934 /* Info.plist */,
			);
			path = LeagueMasterTests;
			sourceTree = "<group>";
		};
		DC2CE92F22468555003BC934 /* LeagueMasterUITests */ = {
			isa = PBXGroup;
			children = (
				DC2CE93022468555003BC934 /* LeagueMasterUITests.swift */,
				DC2CE93222468555003BC934 /* Info.plist */,
			);
			path = LeagueMasterUITests;
			sourceTree = "<group>";
		};
		DC2CE93D22469744003BC934 /* View */ = {
			isa = PBXGroup;
			children = (
				DC2CE93E22469865003BC934 /* MasterViewController.swift */,
				DC2CE940224698A5003BC934 /* DetailViewController.swift */,
				DC2CE9422246A194003BC934 /* ChampionCollectionViewCell.swift */,
				DC2CE9432246A194003BC934 /* ChampionCollectionViewCell.xib */,
			);
			path = View;
			sourceTree = "<group>";
		};
		DC2CE9462249AB87003BC934 /* ViewModel */ = {
			isa = PBXGroup;
			children = (
				DC2CE9472249ABBC003BC934 /* AllChampionsViewModel.swift */,
			);
			path = ViewModel;
			sourceTree = "<group>";
		};
		DC2CE9492249AF7D003BC934 /* Model */ = {
			isa = PBXGroup;
			children = (
				DC2CE94A2249AF98003BC934 /* Champion.swift */,
			);
			path = Model;
			sourceTree = "<group>";
		};
		F06B943F7FB55E6EDC6D2266 /* Pods */ = {
			isa = PBXGroup;
			children = (
				2248855A7745E019ADA16C76 /* Pods-LeagueMaster.debug.xcconfig */,
				109C696648E6F176B3164F77 /* Pods-LeagueMaster.development.xcconfig */,
				971789C93C9207DFC0DBA254 /* Pods-LeagueMaster.release.xcconfig */,
				9A5BE7169FB9A5786513C211 /* Pods-LeagueMaster.production.xcconfig */,
				E7E604B39CADCAF53A58694F /* Pods-LeagueMasterTests.debug.xcconfig */,
				FB9470D512D570A08009C21F /* Pods-LeagueMasterTests.development.xcconfig */,
				D3390A4BF080C698DECD5724 /* Pods-LeagueMasterTests.release.xcconfig */,
				CC409F9F49FAC2DD4960F137 /* Pods-LeagueMasterTests.production.xcconfig */,
				53AE66905F726BBE6DDB00C3 /* Pods-LeagueMasterUITests.debug.xcconfig */,
				8B88808D2B2D2F9BCFAE87FE /* Pods-LeagueMasterUITests.development.xcconfig */,
				7061BB4781346569C9FCF49B /* Pods-LeagueMasterUITests.release.xcconfig */,
				200403A33E63FCBC25101F4C /* Pods-LeagueMasterUITests.production.xcconfig */,
			);
			name = Pods;
			path = Pods;
			sourceTree = "<group>";
		};
/* End PBXGroup section */

/* Begin PBXNativeTarget section */
		7BC1427E2245660B00E77D33 /* LeagueMaster */ = {
			isa = PBXNativeTarget;
			buildConfigurationList = 7BC142912245660F00E77D33 /* Build configuration list for PBXNativeTarget "LeagueMaster" */;
			buildPhases = (
				F9C1156057CEF0AF515B7199 /* [CP] Check Pods Manifest.lock */,
				7BC1427B2245660B00E77D33 /* Sources */,
				7BC1427C2245660B00E77D33 /* Frameworks */,
				7BC1427D2245660B00E77D33 /* Resources */,
			);
			buildRules = (
			);
			dependencies = (
			);
			name = LeagueMaster;
			productName = LeagueMaster;
			productReference = 7BC1427F2245660B00E77D33 /* LeagueMaster.app */;
			productType = "com.apple.product-type.application";
		};
		DC2CE91D22468543003BC934 /* LeagueMasterTests */ = {
			isa = PBXNativeTarget;
			buildConfigurationList = DC2CE92922468543003BC934 /* Build configuration list for PBXNativeTarget "LeagueMasterTests" */;
			buildPhases = (
				28AE8B2060B07483429896EC /* [CP] Check Pods Manifest.lock */,
				DC2CE91A22468543003BC934 /* Sources */,
				DC2CE91B22468543003BC934 /* Frameworks */,
				DC2CE91C22468543003BC934 /* Resources */,
			);
			buildRules = (
			);
			dependencies = (
				DC2CE92422468543003BC934 /* PBXTargetDependency */,
			);
			name = LeagueMasterTests;
			productName = LeagueMasterTests;
			productReference = DC2CE91E22468543003BC934 /* LeagueMasterTests.xctest */;
			productType = "com.apple.product-type.bundle.unit-test";
		};
		DC2CE92D22468555003BC934 /* LeagueMasterUITests */ = {
			isa = PBXNativeTarget;
			buildConfigurationList = DC2CE93522468555003BC934 /* Build configuration list for PBXNativeTarget "LeagueMasterUITests" */;
			buildPhases = (
				F20E3C0859FC3D947F6696F2 /* [CP] Check Pods Manifest.lock */,
				DC2CE92A22468555003BC934 /* Sources */,
				DC2CE92B22468555003BC934 /* Frameworks */,
				DC2CE92C22468555003BC934 /* Resources */,
			);
			buildRules = (
			);
			dependencies = (
				DC2CE93422468555003BC934 /* PBXTargetDependency */,
			);
			name = LeagueMasterUITests;
			productName = LeagueMasterUITests;
			productReference = DC2CE92E22468555003BC934 /* LeagueMasterUITests.xctest */;
			productType = "com.apple.product-type.bundle.ui-testing";
		};
/* End PBXNativeTarget section */

/* Begin PBXProject section */
		7BC142772245660B00E77D33 /* Project object */ = {
			isa = PBXProject;
			attributes = {
				LastSwiftUpdateCheck = 1010;
				LastUpgradeCheck = 1010;
				ORGANIZATIONNAME = "Steven Yang";
				TargetAttributes = {
					7BC1427E2245660B00E77D33 = {
						CreatedOnToolsVersion = 10.1;
					};
					DC2CE91D22468543003BC934 = {
						CreatedOnToolsVersion = 10.1;
						TestTargetID = 7BC1427E2245660B00E77D33;
					};
					DC2CE92D22468555003BC934 = {
						CreatedOnToolsVersion = 10.1;
						TestTargetID = 7BC1427E2245660B00E77D33;
					};
				};
			};
			buildConfigurationList = 7BC1427A2245660B00E77D33 /* Build configuration list for PBXProject "LeagueMaster" */;
			compatibilityVersion = "Xcode 9.3";
			developmentRegion = en;
			hasScannedForEncodings = 0;
			knownRegions = (
				en,
				Base,
			);
			mainGroup = 7BC142762245660B00E77D33;
			productRefGroup = 7BC142802245660B00E77D33 /* Products */;
			projectDirPath = "";
			projectRoot = "";
			targets = (
				7BC1427E2245660B00E77D33 /* LeagueMaster */,
				DC2CE91D22468543003BC934 /* LeagueMasterTests */,
				DC2CE92D22468555003BC934 /* LeagueMasterUITests */,
			);
		};
/* End PBXProject section */

/* Begin PBXResourcesBuildPhase section */
		7BC1427D2245660B00E77D33 /* Resources */ = {
			isa = PBXResourcesBuildPhase;
			buildActionMask = 2147483647;
			files = (
				7BC1428D2245660F00E77D33 /* LaunchScreen.storyboard in Resources */,
				DC2CE9452246A194003BC934 /* ChampionCollectionViewCell.xib in Resources */,
				7BC1428A2245660F00E77D33 /* Assets.xcassets in Resources */,
				7BC142882245660B00E77D33 /* Main.storyboard in Resources */,
			);
			runOnlyForDeploymentPostprocessing = 0;
		};
		DC2CE91C22468543003BC934 /* Resources */ = {
			isa = PBXResourcesBuildPhase;
			buildActionMask = 2147483647;
			files = (
			);
			runOnlyForDeploymentPostprocessing = 0;
		};
		DC2CE92C22468555003BC934 /* Resources */ = {
			isa = PBXResourcesBuildPhase;
			buildActionMask = 2147483647;
			files = (
			);
			runOnlyForDeploymentPostprocessing = 0;
		};
/* End PBXResourcesBuildPhase section */

/* Begin PBXShellScriptBuildPhase section */
		28AE8B2060B07483429896EC /* [CP] Check Pods Manifest.lock */ = {
			isa = PBXShellScriptBuildPhase;
			buildActionMask = 2147483647;
			files = (
			);
			inputFileListPaths = (
			);
			inputPaths = (
				"${PODS_PODFILE_DIR_PATH}/Podfile.lock",
				"${PODS_ROOT}/Manifest.lock",
			);
			name = "[CP] Check Pods Manifest.lock";
			outputFileListPaths = (
			);
			outputPaths = (
				"$(DERIVED_FILE_DIR)/Pods-LeagueMasterTests-checkManifestLockResult.txt",
			);
			runOnlyForDeploymentPostprocessing = 0;
			shellPath = /bin/sh;
			shellScript = "diff \"${PODS_PODFILE_DIR_PATH}/Podfile.lock\" \"${PODS_ROOT}/Manifest.lock\" > /dev/null\nif [ $? != 0 ] ; then\n    # print error to STDERR\n    echo \"error: The sandbox is not in sync with the Podfile.lock. Run 'pod install' or update your CocoaPods installation.\" >&2\n    exit 1\nfi\n# This output is used by Xcode 'outputs' to avoid re-running this script phase.\necho \"SUCCESS\" > \"${SCRIPT_OUTPUT_FILE_0}\"\n";
			showEnvVarsInLog = 0;
		};
		F20E3C0859FC3D947F6696F2 /* [CP] Check Pods Manifest.lock */ = {
			isa = PBXShellScriptBuildPhase;
			buildActionMask = 2147483647;
			files = (
			);
			inputFileListPaths = (
			);
			inputPaths = (
				"${PODS_PODFILE_DIR_PATH}/Podfile.lock",
				"${PODS_ROOT}/Manifest.lock",
			);
			name = "[CP] Check Pods Manifest.lock";
			outputFileListPaths = (
			);
			outputPaths = (
				"$(DERIVED_FILE_DIR)/Pods-LeagueMasterUITests-checkManifestLockResult.txt",
			);
			runOnlyForDeploymentPostprocessing = 0;
			shellPath = /bin/sh;
			shellScript = "diff \"${PODS_PODFILE_DIR_PATH}/Podfile.lock\" \"${PODS_ROOT}/Manifest.lock\" > /dev/null\nif [ $? != 0 ] ; then\n    # print error to STDERR\n    echo \"error: The sandbox is not in sync with the Podfile.lock. Run 'pod install' or update your CocoaPods installation.\" >&2\n    exit 1\nfi\n# This output is used by Xcode 'outputs' to avoid re-running this script phase.\necho \"SUCCESS\" > \"${SCRIPT_OUTPUT_FILE_0}\"\n";
			showEnvVarsInLog = 0;
		};
		F9C1156057CEF0AF515B7199 /* [CP] Check Pods Manifest.lock */ = {
			isa = PBXShellScriptBuildPhase;
			buildActionMask = 2147483647;
			files = (
			);
			inputFileListPaths = (
			);
			inputPaths = (
				"${PODS_PODFILE_DIR_PATH}/Podfile.lock",
				"${PODS_ROOT}/Manifest.lock",
			);
			name = "[CP] Check Pods Manifest.lock";
			outputFileListPaths = (
			);
			outputPaths = (
				"$(DERIVED_FILE_DIR)/Pods-LeagueMaster-checkManifestLockResult.txt",
			);
			runOnlyForDeploymentPostprocessing = 0;
			shellPath = /bin/sh;
			shellScript = "diff \"${PODS_PODFILE_DIR_PATH}/Podfile.lock\" \"${PODS_ROOT}/Manifest.lock\" > /dev/null\nif [ $? != 0 ] ; then\n    # print error to STDERR\n    echo \"error: The sandbox is not in sync with the Podfile.lock. Run 'pod install' or update your CocoaPods installation.\" >&2\n    exit 1\nfi\n# This output is used by Xcode 'outputs' to avoid re-running this script phase.\necho \"SUCCESS\" > \"${SCRIPT_OUTPUT_FILE_0}\"\n";
			showEnvVarsInLog = 0;
		};
/* End PBXShellScriptBuildPhase section */

/* Begin PBXSourcesBuildPhase section */
		7BC1427B2245660B00E77D33 /* Sources */ = {
			isa = PBXSourcesBuildPhase;
			buildActionMask = 2147483647;
			files = (
				DC2CE93F22469865003BC934 /* MasterViewController.swift in Sources */,
				DC2CE9112246760C003BC934 /* Environment.swift in Sources */,
				7BC142832245660B00E77D33 /* AppDelegate.swift in Sources */,
				DC2CE94F2249B947003BC934 /* ApiCaller.swift in Sources */,
				DC2CE9442246A194003BC934 /* ChampionCollectionViewCell.swift in Sources */,
				DC2CE941224698A5003BC934 /* DetailViewController.swift in Sources */,
				DC2CE9482249ABBC003BC934 /* AllChampionsViewModel.swift in Sources */,
				DC2CE94D2249B33D003BC934 /* Errors.swift in Sources */,
				DC2CE91422467828003BC934 /* ProjectConstants.swift in Sources */,
				7BC14297224567ED00E77D33 /* NetWorkManager.swift in Sources */,
				DC2CE94B2249AF98003BC934 /* Champion.swift in Sources */,
			);
			runOnlyForDeploymentPostprocessing = 0;
		};
		DC2CE91A22468543003BC934 /* Sources */ = {
			isa = PBXSourcesBuildPhase;
			buildActionMask = 2147483647;
			files = (
				DC2CE92122468543003BC934 /* LeagueMasterTests.swift in Sources */,
			);
			runOnlyForDeploymentPostprocessing = 0;
		};
		DC2CE92A22468555003BC934 /* Sources */ = {
			isa = PBXSourcesBuildPhase;
			buildActionMask = 2147483647;
			files = (
				DC2CE93122468555003BC934 /* LeagueMasterUITests.swift in Sources */,
			);
			runOnlyForDeploymentPostprocessing = 0;
		};
/* End PBXSourcesBuildPhase section */

/* Begin PBXTargetDependency section */
		DC2CE92422468543003BC934 /* PBXTargetDependency */ = {
			isa = PBXTargetDependency;
			target = 7BC1427E2245660B00E77D33 /* LeagueMaster */;
			targetProxy = DC2CE92322468543003BC934 /* PBXContainerItemProxy */;
		};
		DC2CE93422468555003BC934 /* PBXTargetDependency */ = {
			isa = PBXTargetDependency;
			target = 7BC1427E2245660B00E77D33 /* LeagueMaster */;
			targetProxy = DC2CE93322468555003BC934 /* PBXContainerItemProxy */;
		};
/* End PBXTargetDependency section */

/* Begin PBXVariantGroup section */
		7BC142862245660B00E77D33 /* Main.storyboard */ = {
			isa = PBXVariantGroup;
			children = (
				7BC142872245660B00E77D33 /* Base */,
			);
			name = Main.storyboard;
			sourceTree = "<group>";
		};
		7BC1428B2245660F00E77D33 /* LaunchScreen.storyboard */ = {
			isa = PBXVariantGroup;
			children = (
				7BC1428C2245660F00E77D33 /* Base */,
			);
			name = LaunchScreen.storyboard;
			sourceTree = "<group>";
		};
/* End PBXVariantGroup section */

/* Begin XCBuildConfiguration section */
		7BC1428F2245660F00E77D33 /* Debug */ = {
			isa = XCBuildConfiguration;
			buildSettings = {
				ALWAYS_SEARCH_USER_PATHS = NO;
				CLANG_ANALYZER_NONNULL = YES;
				CLANG_ANALYZER_NUMBER_OBJECT_CONVERSION = YES_AGGRESSIVE;
				CLANG_CXX_LANGUAGE_STANDARD = "gnu++14";
				CLANG_CXX_LIBRARY = "libc++";
				CLANG_ENABLE_MODULES = YES;
				CLANG_ENABLE_OBJC_ARC = YES;
				CLANG_ENABLE_OBJC_WEAK = YES;
				CLANG_WARN_BLOCK_CAPTURE_AUTORELEASING = YES;
				CLANG_WARN_BOOL_CONVERSION = YES;
				CLANG_WARN_COMMA = YES;
				CLANG_WARN_CONSTANT_CONVERSION = YES;
				CLANG_WARN_DEPRECATED_OBJC_IMPLEMENTATIONS = YES;
				CLANG_WARN_DIRECT_OBJC_ISA_USAGE = YES_ERROR;
				CLANG_WARN_DOCUMENTATION_COMMENTS = YES;
				CLANG_WARN_EMPTY_BODY = YES;
				CLANG_WARN_ENUM_CONVERSION = YES;
				CLANG_WARN_INFINITE_RECURSION = YES;
				CLANG_WARN_INT_CONVERSION = YES;
				CLANG_WARN_NON_LITERAL_NULL_CONVERSION = YES;
				CLANG_WARN_OBJC_IMPLICIT_RETAIN_SELF = YES;
				CLANG_WARN_OBJC_LITERAL_CONVERSION = YES;
				CLANG_WARN_OBJC_ROOT_CLASS = YES_ERROR;
				CLANG_WARN_RANGE_LOOP_ANALYSIS = YES;
				CLANG_WARN_STRICT_PROTOTYPES = YES;
				CLANG_WARN_SUSPICIOUS_MOVE = YES;
				CLANG_WARN_UNGUARDED_AVAILABILITY = YES_AGGRESSIVE;
				CLANG_WARN_UNREACHABLE_CODE = YES;
				CLANG_WARN__DUPLICATE_METHOD_MATCH = YES;
				CODE_SIGN_IDENTITY = "iPhone Developer";
				COPY_PHASE_STRIP = NO;
				DEBUG_INFORMATION_FORMAT = dwarf;
				ENABLE_STRICT_OBJC_MSGSEND = YES;
				ENABLE_TESTABILITY = YES;
				GCC_C_LANGUAGE_STANDARD = gnu11;
				GCC_DYNAMIC_NO_PIC = NO;
				GCC_NO_COMMON_BLOCKS = YES;
				GCC_OPTIMIZATION_LEVEL = 0;
				GCC_PREPROCESSOR_DEFINITIONS = (
					"DEBUG=1",
					"$(inherited)",
				);
				GCC_WARN_64_TO_32_BIT_CONVERSION = YES;
				GCC_WARN_ABOUT_RETURN_TYPE = YES_ERROR;
				GCC_WARN_UNDECLARED_SELECTOR = YES;
				GCC_WARN_UNINITIALIZED_AUTOS = YES_AGGRESSIVE;
				GCC_WARN_UNUSED_FUNCTION = YES;
				GCC_WARN_UNUSED_VARIABLE = YES;
				IPHONEOS_DEPLOYMENT_TARGET = 12.1;
				MTL_ENABLE_DEBUG_INFO = INCLUDE_SOURCE;
				MTL_FAST_MATH = YES;
				ONLY_ACTIVE_ARCH = YES;
				SDKROOT = iphoneos;
				SWIFT_ACTIVE_COMPILATION_CONDITIONS = DEBUG;
				SWIFT_OPTIMIZATION_LEVEL = "-Onone";
			};
			name = Debug;
		};
		7BC142902245660F00E77D33 /* Release */ = {
			isa = XCBuildConfiguration;
			buildSettings = {
				ALWAYS_SEARCH_USER_PATHS = NO;
				CLANG_ANALYZER_NONNULL = YES;
				CLANG_ANALYZER_NUMBER_OBJECT_CONVERSION = YES_AGGRESSIVE;
				CLANG_CXX_LANGUAGE_STANDARD = "gnu++14";
				CLANG_CXX_LIBRARY = "libc++";
				CLANG_ENABLE_MODULES = YES;
				CLANG_ENABLE_OBJC_ARC = YES;
				CLANG_ENABLE_OBJC_WEAK = YES;
				CLANG_WARN_BLOCK_CAPTURE_AUTORELEASING = YES;
				CLANG_WARN_BOOL_CONVERSION = YES;
				CLANG_WARN_COMMA = YES;
				CLANG_WARN_CONSTANT_CONVERSION = YES;
				CLANG_WARN_DEPRECATED_OBJC_IMPLEMENTATIONS = YES;
				CLANG_WARN_DIRECT_OBJC_ISA_USAGE = YES_ERROR;
				CLANG_WARN_DOCUMENTATION_COMMENTS = YES;
				CLANG_WARN_EMPTY_BODY = YES;
				CLANG_WARN_ENUM_CONVERSION = YES;
				CLANG_WARN_INFINITE_RECURSION = YES;
				CLANG_WARN_INT_CONVERSION = YES;
				CLANG_WARN_NON_LITERAL_NULL_CONVERSION = YES;
				CLANG_WARN_OBJC_IMPLICIT_RETAIN_SELF = YES;
				CLANG_WARN_OBJC_LITERAL_CONVERSION = YES;
				CLANG_WARN_OBJC_ROOT_CLASS = YES_ERROR;
				CLANG_WARN_RANGE_LOOP_ANALYSIS = YES;
				CLANG_WARN_STRICT_PROTOTYPES = YES;
				CLANG_WARN_SUSPICIOUS_MOVE = YES;
				CLANG_WARN_UNGUARDED_AVAILABILITY = YES_AGGRESSIVE;
				CLANG_WARN_UNREACHABLE_CODE = YES;
				CLANG_WARN__DUPLICATE_METHOD_MATCH = YES;
				CODE_SIGN_IDENTITY = "iPhone Developer";
				COPY_PHASE_STRIP = NO;
				DEBUG_INFORMATION_FORMAT = "dwarf-with-dsym";
				ENABLE_NS_ASSERTIONS = NO;
				ENABLE_STRICT_OBJC_MSGSEND = YES;
				GCC_C_LANGUAGE_STANDARD = gnu11;
				GCC_NO_COMMON_BLOCKS = YES;
				GCC_WARN_64_TO_32_BIT_CONVERSION = YES;
				GCC_WARN_ABOUT_RETURN_TYPE = YES_ERROR;
				GCC_WARN_UNDECLARED_SELECTOR = YES;
				GCC_WARN_UNINITIALIZED_AUTOS = YES_AGGRESSIVE;
				GCC_WARN_UNUSED_FUNCTION = YES;
				GCC_WARN_UNUSED_VARIABLE = YES;
				IPHONEOS_DEPLOYMENT_TARGET = 12.1;
				MTL_ENABLE_DEBUG_INFO = NO;
				MTL_FAST_MATH = YES;
				SDKROOT = iphoneos;
				SWIFT_COMPILATION_MODE = wholemodule;
				SWIFT_OPTIMIZATION_LEVEL = "-O";
				VALIDATE_PRODUCT = YES;
			};
			name = Release;
		};
		7BC142922245660F00E77D33 /* Debug */ = {
			isa = XCBuildConfiguration;
			baseConfigurationReference = 2248855A7745E019ADA16C76 /* Pods-LeagueMaster.debug.xcconfig */;
			buildSettings = {
				ASSETCATALOG_COMPILER_APPICON_NAME = AppIcon;
				CODE_SIGN_STYLE = Automatic;
				DEVELOPMENT_TEAM = H7QBMXQ554;
				INFOPLIST_FILE = LeagueMaster/Info.plist;
				LD_RUNPATH_SEARCH_PATHS = (
					"$(inherited)",
					"@executable_path/Frameworks",
				);
				PRODUCT_BUNDLE_IDENTIFIER = com.ying.LeagueMaster;
				PRODUCT_NAME = "$(TARGET_NAME)";
				SWIFT_VERSION = 4.2;
				TARGETED_DEVICE_FAMILY = "1,2";
			};
			name = Debug;
		};
		7BC142932245660F00E77D33 /* Release */ = {
			isa = XCBuildConfiguration;
			baseConfigurationReference = 971789C93C9207DFC0DBA254 /* Pods-LeagueMaster.release.xcconfig */;
			buildSettings = {
				ASSETCATALOG_COMPILER_APPICON_NAME = AppIcon;
				CODE_SIGN_STYLE = Automatic;
				DEVELOPMENT_TEAM = H7QBMXQ554;
				INFOPLIST_FILE = LeagueMaster/Info.plist;
				LD_RUNPATH_SEARCH_PATHS = (
					"$(inherited)",
					"@executable_path/Frameworks",
				);
				PRODUCT_BUNDLE_IDENTIFIER = com.ying.LeagueMaster;
				PRODUCT_NAME = "$(TARGET_NAME)";
				SWIFT_VERSION = 4.2;
				TARGETED_DEVICE_FAMILY = "1,2";
			};
			name = Release;
		};
		DC2CE909224672D5003BC934 /* Development */ = {
			isa = XCBuildConfiguration;
			baseConfigurationReference = DC2CE90E224673CD003BC934 /* Development.xcconfig */;
			buildSettings = {
				ALWAYS_SEARCH_USER_PATHS = NO;
				CLANG_ANALYZER_NONNULL = YES;
				CLANG_ANALYZER_NUMBER_OBJECT_CONVERSION = YES_AGGRESSIVE;
				CLANG_CXX_LANGUAGE_STANDARD = "gnu++14";
				CLANG_CXX_LIBRARY = "libc++";
				CLANG_ENABLE_MODULES = YES;
				CLANG_ENABLE_OBJC_ARC = YES;
				CLANG_ENABLE_OBJC_WEAK = YES;
				CLANG_WARN_BLOCK_CAPTURE_AUTORELEASING = YES;
				CLANG_WARN_BOOL_CONVERSION = YES;
				CLANG_WARN_COMMA = YES;
				CLANG_WARN_CONSTANT_CONVERSION = YES;
				CLANG_WARN_DEPRECATED_OBJC_IMPLEMENTATIONS = YES;
				CLANG_WARN_DIRECT_OBJC_ISA_USAGE = YES_ERROR;
				CLANG_WARN_DOCUMENTATION_COMMENTS = YES;
				CLANG_WARN_EMPTY_BODY = YES;
				CLANG_WARN_ENUM_CONVERSION = YES;
				CLANG_WARN_INFINITE_RECURSION = YES;
				CLANG_WARN_INT_CONVERSION = YES;
				CLANG_WARN_NON_LITERAL_NULL_CONVERSION = YES;
				CLANG_WARN_OBJC_IMPLICIT_RETAIN_SELF = YES;
				CLANG_WARN_OBJC_LITERAL_CONVERSION = YES;
				CLANG_WARN_OBJC_ROOT_CLASS = YES_ERROR;
				CLANG_WARN_RANGE_LOOP_ANALYSIS = YES;
				CLANG_WARN_STRICT_PROTOTYPES = YES;
				CLANG_WARN_SUSPICIOUS_MOVE = YES;
				CLANG_WARN_UNGUARDED_AVAILABILITY = YES_AGGRESSIVE;
				CLANG_WARN_UNREACHABLE_CODE = YES;
				CLANG_WARN__DUPLICATE_METHOD_MATCH = YES;
				CODE_SIGN_IDENTITY = "iPhone Developer";
				COPY_PHASE_STRIP = NO;
				DEBUG_INFORMATION_FORMAT = dwarf;
				ENABLE_STRICT_OBJC_MSGSEND = YES;
				ENABLE_TESTABILITY = YES;
				GCC_C_LANGUAGE_STANDARD = gnu11;
				GCC_DYNAMIC_NO_PIC = NO;
				GCC_NO_COMMON_BLOCKS = YES;
				GCC_OPTIMIZATION_LEVEL = 0;
				GCC_PREPROCESSOR_DEFINITIONS = (
					"DEBUG=1",
					"$(inherited)",
				);
				GCC_WARN_64_TO_32_BIT_CONVERSION = YES;
				GCC_WARN_ABOUT_RETURN_TYPE = YES_ERROR;
				GCC_WARN_UNDECLARED_SELECTOR = YES;
				GCC_WARN_UNINITIALIZED_AUTOS = YES_AGGRESSIVE;
				GCC_WARN_UNUSED_FUNCTION = YES;
				GCC_WARN_UNUSED_VARIABLE = YES;
				INFOPLIST_FILE = LeagueMaster/info.plist;
				IPHONEOS_DEPLOYMENT_TARGET = 12.1;
				MTL_ENABLE_DEBUG_INFO = INCLUDE_SOURCE;
				MTL_FAST_MATH = YES;
				ONLY_ACTIVE_ARCH = YES;
				SDKROOT = iphoneos;
				SWIFT_ACTIVE_COMPILATION_CONDITIONS = DEBUG;
				SWIFT_OPTIMIZATION_LEVEL = "-Onone";
			};
			name = Development;
		};
		DC2CE90A224672D5003BC934 /* Development */ = {
			isa = XCBuildConfiguration;
			baseConfigurationReference = DC2CE90E224673CD003BC934 /* Development.xcconfig */;
			buildSettings = {
				ASSETCATALOG_COMPILER_APPICON_NAME = AppIcon;
				CODE_SIGN_STYLE = Automatic;
				DEVELOPMENT_TEAM = H7QBMXQ554;
				INFOPLIST_FILE = LeagueMaster/Info.plist;
				LD_RUNPATH_SEARCH_PATHS = (
					"$(inherited)",
					"@executable_path/Frameworks",
				);
				PRODUCT_BUNDLE_IDENTIFIER = com.ying.LeagueMaster;
				PRODUCT_NAME = "$(TARGET_NAME)";
				SWIFT_VERSION = 4.2;
				TARGETED_DEVICE_FAMILY = "1,2";
			};
			name = Development;
		};
		DC2CE90B224672F5003BC934 /* Production */ = {
			isa = XCBuildConfiguration;
			baseConfigurationReference = DC2CE90F224673DE003BC934 /* Production.xcconfig */;
			buildSettings = {
				ALWAYS_SEARCH_USER_PATHS = NO;
				CLANG_ANALYZER_NONNULL = YES;
				CLANG_ANALYZER_NUMBER_OBJECT_CONVERSION = YES_AGGRESSIVE;
				CLANG_CXX_LANGUAGE_STANDARD = "gnu++14";
				CLANG_CXX_LIBRARY = "libc++";
				CLANG_ENABLE_MODULES = YES;
				CLANG_ENABLE_OBJC_ARC = YES;
				CLANG_ENABLE_OBJC_WEAK = YES;
				CLANG_WARN_BLOCK_CAPTURE_AUTORELEASING = YES;
				CLANG_WARN_BOOL_CONVERSION = YES;
				CLANG_WARN_COMMA = YES;
				CLANG_WARN_CONSTANT_CONVERSION = YES;
				CLANG_WARN_DEPRECATED_OBJC_IMPLEMENTATIONS = YES;
				CLANG_WARN_DIRECT_OBJC_ISA_USAGE = YES_ERROR;
				CLANG_WARN_DOCUMENTATION_COMMENTS = YES;
				CLANG_WARN_EMPTY_BODY = YES;
				CLANG_WARN_ENUM_CONVERSION = YES;
				CLANG_WARN_INFINITE_RECURSION = YES;
				CLANG_WARN_INT_CONVERSION = YES;
				CLANG_WARN_NON_LITERAL_NULL_CONVERSION = YES;
				CLANG_WARN_OBJC_IMPLICIT_RETAIN_SELF = YES;
				CLANG_WARN_OBJC_LITERAL_CONVERSION = YES;
				CLANG_WARN_OBJC_ROOT_CLASS = YES_ERROR;
				CLANG_WARN_RANGE_LOOP_ANALYSIS = YES;
				CLANG_WARN_STRICT_PROTOTYPES = YES;
				CLANG_WARN_SUSPICIOUS_MOVE = YES;
				CLANG_WARN_UNGUARDED_AVAILABILITY = YES_AGGRESSIVE;
				CLANG_WARN_UNREACHABLE_CODE = YES;
				CLANG_WARN__DUPLICATE_METHOD_MATCH = YES;
				CODE_SIGN_IDENTITY = "iPhone Developer";
				COPY_PHASE_STRIP = NO;
				DEBUG_INFORMATION_FORMAT = "dwarf-with-dsym";
				ENABLE_NS_ASSERTIONS = NO;
				ENABLE_STRICT_OBJC_MSGSEND = YES;
				GCC_C_LANGUAGE_STANDARD = gnu11;
				GCC_NO_COMMON_BLOCKS = YES;
				GCC_WARN_64_TO_32_BIT_CONVERSION = YES;
				GCC_WARN_ABOUT_RETURN_TYPE = YES_ERROR;
				GCC_WARN_UNDECLARED_SELECTOR = YES;
				GCC_WARN_UNINITIALIZED_AUTOS = YES_AGGRESSIVE;
				GCC_WARN_UNUSED_FUNCTION = YES;
				GCC_WARN_UNUSED_VARIABLE = YES;
				INFOPLIST_FILE = LeagueMaster/test.plist;
				IPHONEOS_DEPLOYMENT_TARGET = 12.1;
				MTL_ENABLE_DEBUG_INFO = NO;
				MTL_FAST_MATH = YES;
				SDKROOT = iphoneos;
				SWIFT_COMPILATION_MODE = wholemodule;
				SWIFT_OPTIMIZATION_LEVEL = "-O";
				VALIDATE_PRODUCT = YES;
			};
			name = Production;
		};
		DC2CE90C224672F5003BC934 /* Production */ = {
			isa = XCBuildConfiguration;
			baseConfigurationReference = DC2CE90F224673DE003BC934 /* Production.xcconfig */;
			buildSettings = {
				ASSETCATALOG_COMPILER_APPICON_NAME = AppIcon;
				CODE_SIGN_STYLE = Automatic;
				DEVELOPMENT_TEAM = H7QBMXQ554;
				INFOPLIST_FILE = LeagueMaster/Info.plist;
				LD_RUNPATH_SEARCH_PATHS = (
					"$(inherited)",
					"@executable_path/Frameworks",
				);
				PRODUCT_BUNDLE_IDENTIFIER = com.ying.LeagueMaster;
				PRODUCT_NAME = "$(TARGET_NAME)";
				SWIFT_VERSION = 4.2;
				TARGETED_DEVICE_FAMILY = "1,2";
			};
			name = Production;
		};
		DC2CE92522468543003BC934 /* Debug */ = {
			isa = XCBuildConfiguration;
			baseConfigurationReference = E7E604B39CADCAF53A58694F /* Pods-LeagueMasterTests.debug.xcconfig */;
			buildSettings = {
				BUNDLE_LOADER = "$(TEST_HOST)";
				CODE_SIGN_STYLE = Automatic;
				DEVELOPMENT_TEAM = H7QBMXQ554;
				INFOPLIST_FILE = LeagueMasterTests/Info.plist;
				LD_RUNPATH_SEARCH_PATHS = (
					"$(inherited)",
					"@executable_path/Frameworks",
					"@loader_path/Frameworks",
				);
				PRODUCT_BUNDLE_IDENTIFIER = com.yingyang.LeagueMasterTests;
				PRODUCT_NAME = "$(TARGET_NAME)";
				SWIFT_VERSION = 4.2;
				TARGETED_DEVICE_FAMILY = "1,2";
				TEST_HOST = "$(BUILT_PRODUCTS_DIR)/LeagueMaster.app/LeagueMaster";
			};
			name = Debug;
		};
		DC2CE92622468543003BC934 /* Development */ = {
			isa = XCBuildConfiguration;
			baseConfigurationReference = FB9470D512D570A08009C21F /* Pods-LeagueMasterTests.development.xcconfig */;
			buildSettings = {
				BUNDLE_LOADER = "$(TEST_HOST)";
				CODE_SIGN_STYLE = Automatic;
				DEVELOPMENT_TEAM = H7QBMXQ554;
				INFOPLIST_FILE = LeagueMasterTests/Info.plist;
				LD_RUNPATH_SEARCH_PATHS = (
					"$(inherited)",
					"@executable_path/Frameworks",
					"@loader_path/Frameworks",
				);
				PRODUCT_BUNDLE_IDENTIFIER = com.yingyang.LeagueMasterTests;
				PRODUCT_NAME = "$(TARGET_NAME)";
				SWIFT_VERSION = 4.2;
				TARGETED_DEVICE_FAMILY = "1,2";
				TEST_HOST = "$(BUILT_PRODUCTS_DIR)/LeagueMaster.app/LeagueMaster";
			};
			name = Development;
		};
		DC2CE92722468543003BC934 /* Release */ = {
			isa = XCBuildConfiguration;
			baseConfigurationReference = D3390A4BF080C698DECD5724 /* Pods-LeagueMasterTests.release.xcconfig */;
			buildSettings = {
				BUNDLE_LOADER = "$(TEST_HOST)";
				CODE_SIGN_STYLE = Automatic;
				DEVELOPMENT_TEAM = H7QBMXQ554;
				INFOPLIST_FILE = LeagueMasterTests/Info.plist;
				LD_RUNPATH_SEARCH_PATHS = (
					"$(inherited)",
					"@executable_path/Frameworks",
					"@loader_path/Frameworks",
				);
				PRODUCT_BUNDLE_IDENTIFIER = com.yingyang.LeagueMasterTests;
				PRODUCT_NAME = "$(TARGET_NAME)";
				SWIFT_VERSION = 4.2;
				TARGETED_DEVICE_FAMILY = "1,2";
				TEST_HOST = "$(BUILT_PRODUCTS_DIR)/LeagueMaster.app/LeagueMaster";
			};
			name = Release;
		};
		DC2CE92822468543003BC934 /* Production */ = {
			isa = XCBuildConfiguration;
			baseConfigurationReference = CC409F9F49FAC2DD4960F137 /* Pods-LeagueMasterTests.production.xcconfig */;
			buildSettings = {
				BUNDLE_LOADER = "$(TEST_HOST)";
				CODE_SIGN_STYLE = Automatic;
				DEVELOPMENT_TEAM = H7QBMXQ554;
				INFOPLIST_FILE = LeagueMasterTests/Info.plist;
				LD_RUNPATH_SEARCH_PATHS = (
					"$(inherited)",
					"@executable_path/Frameworks",
					"@loader_path/Frameworks",
				);
				PRODUCT_BUNDLE_IDENTIFIER = com.yingyang.LeagueMasterTests;
				PRODUCT_NAME = "$(TARGET_NAME)";
				SWIFT_VERSION = 4.2;
				TARGETED_DEVICE_FAMILY = "1,2";
				TEST_HOST = "$(BUILT_PRODUCTS_DIR)/LeagueMaster.app/LeagueMaster";
			};
			name = Production;
		};
		DC2CE93622468555003BC934 /* Debug */ = {
			isa = XCBuildConfiguration;
			baseConfigurationReference = 53AE66905F726BBE6DDB00C3 /* Pods-LeagueMasterUITests.debug.xcconfig */;
			buildSettings = {
				CODE_SIGN_STYLE = Automatic;
				DEVELOPMENT_TEAM = H7QBMXQ554;
				INFOPLIST_FILE = LeagueMasterUITests/Info.plist;
				LD_RUNPATH_SEARCH_PATHS = (
					"$(inherited)",
					"@executable_path/Frameworks",
					"@loader_path/Frameworks",
				);
				PRODUCT_BUNDLE_IDENTIFIER = com.yingyang.LeagueMasterUITests;
				PRODUCT_NAME = "$(TARGET_NAME)";
				SWIFT_VERSION = 4.2;
				TARGETED_DEVICE_FAMILY = "1,2";
				TEST_TARGET_NAME = LeagueMaster;
			};
			name = Debug;
		};
		DC2CE93722468555003BC934 /* Development */ = {
			isa = XCBuildConfiguration;
			baseConfigurationReference = 8B88808D2B2D2F9BCFAE87FE /* Pods-LeagueMasterUITests.development.xcconfig */;
			buildSettings = {
				CODE_SIGN_STYLE = Automatic;
				DEVELOPMENT_TEAM = H7QBMXQ554;
				INFOPLIST_FILE = LeagueMasterUITests/Info.plist;
				LD_RUNPATH_SEARCH_PATHS = (
					"$(inherited)",
					"@executable_path/Frameworks",
					"@loader_path/Frameworks",
				);
				PRODUCT_BUNDLE_IDENTIFIER = com.yingyang.LeagueMasterUITests;
				PRODUCT_NAME = "$(TARGET_NAME)";
				SWIFT_VERSION = 4.2;
				TARGETED_DEVICE_FAMILY = "1,2";
				TEST_TARGET_NAME = LeagueMaster;
			};
			name = Development;
		};
		DC2CE93822468555003BC934 /* Release */ = {
			isa = XCBuildConfiguration;
			baseConfigurationReference = 7061BB4781346569C9FCF49B /* Pods-LeagueMasterUITests.release.xcconfig */;
			buildSettings = {
				CODE_SIGN_STYLE = Automatic;
				DEVELOPMENT_TEAM = H7QBMXQ554;
				INFOPLIST_FILE = LeagueMasterUITests/Info.plist;
				LD_RUNPATH_SEARCH_PATHS = (
					"$(inherited)",
					"@executable_path/Frameworks",
					"@loader_path/Frameworks",
				);
				PRODUCT_BUNDLE_IDENTIFIER = com.yingyang.LeagueMasterUITests;
				PRODUCT_NAME = "$(TARGET_NAME)";
				SWIFT_VERSION = 4.2;
				TARGETED_DEVICE_FAMILY = "1,2";
				TEST_TARGET_NAME = LeagueMaster;
			};
			name = Release;
		};
		DC2CE93922468555003BC934 /* Production */ = {
			isa = XCBuildConfiguration;
			baseConfigurationReference = 200403A33E63FCBC25101F4C /* Pods-LeagueMasterUITests.production.xcconfig */;
			buildSettings = {
				CODE_SIGN_STYLE = Automatic;
				DEVELOPMENT_TEAM = H7QBMXQ554;
				INFOPLIST_FILE = LeagueMasterUITests/Info.plist;
				LD_RUNPATH_SEARCH_PATHS = (
					"$(inherited)",
					"@executable_path/Frameworks",
					"@loader_path/Frameworks",
				);
				PRODUCT_BUNDLE_IDENTIFIER = com.yingyang.LeagueMasterUITests;
				PRODUCT_NAME = "$(TARGET_NAME)";
				SWIFT_VERSION = 4.2;
				TARGETED_DEVICE_FAMILY = "1,2";
				TEST_TARGET_NAME = LeagueMaster;
			};
			name = Production;
		};
/* End XCBuildConfiguration section */

/* Begin XCConfigurationList section */
		7BC1427A2245660B00E77D33 /* Build configuration list for PBXProject "LeagueMaster" */ = {
			isa = XCConfigurationList;
			buildConfigurations = (
				7BC1428F2245660F00E77D33 /* Debug */,
				DC2CE909224672D5003BC934 /* Development */,
				7BC142902245660F00E77D33 /* Release */,
				DC2CE90B224672F5003BC934 /* Production */,
			);
			defaultConfigurationIsVisible = 0;
			defaultConfigurationName = Release;
		};
		7BC142912245660F00E77D33 /* Build configuration list for PBXNativeTarget "LeagueMaster" */ = {
			isa = XCConfigurationList;
			buildConfigurations = (
				7BC142922245660F00E77D33 /* Debug */,
				DC2CE90A224672D5003BC934 /* Development */,
				7BC142932245660F00E77D33 /* Release */,
				DC2CE90C224672F5003BC934 /* Production */,
			);
			defaultConfigurationIsVisible = 0;
			defaultConfigurationName = Release;
		};
		DC2CE92922468543003BC934 /* Build configuration list for PBXNativeTarget "LeagueMasterTests" */ = {
			isa = XCConfigurationList;
			buildConfigurations = (
				DC2CE92522468543003BC934 /* Debug */,
				DC2CE92622468543003BC934 /* Development */,
				DC2CE92722468543003BC934 /* Release */,
				DC2CE92822468543003BC934 /* Production */,
			);
			defaultConfigurationIsVisible = 0;
			defaultConfigurationName = Release;
		};
		DC2CE93522468555003BC934 /* Build configuration list for PBXNativeTarget "LeagueMasterUITests" */ = {
			isa = XCConfigurationList;
			buildConfigurations = (
				DC2CE93622468555003BC934 /* Debug */,
				DC2CE93722468555003BC934 /* Development */,
				DC2CE93822468555003BC934 /* Release */,
				DC2CE93922468555003BC934 /* Production */,
			);
			defaultConfigurationIsVisible = 0;
			defaultConfigurationName = Release;
		};
/* End XCConfigurationList section */
	};
	rootObject = 7BC142772245660B00E77D33 /* Project object */;
}
